
Microsoft Visual Studio Solution File, Format Version 12.00
# Visual Studio Version 17
VisualStudioVersion = 17.11.35303.130
MinimumVisualStudioVersion = 10.0.40219.1
Project("{FAE04EC0-301F-11D3-BF4B-00C04F79EFBC}") = "AnganAttire.Web", "AnganAttire.Web\AnganAttire.Web.csproj", "{650F3A53-4E24-4BAD-99A9-DF043CCE053A}"
EndProject
Project("{FAE04EC0-301F-11D3-BF4B-00C04F79EFBC}") = "AnganAttire.Entities", "AnganAttire.Entities\AnganAttire.Entities.csproj", "{DC4E1188-93F6-4204-95DB-E717C0EBDA43}"
EndProject
Project("{FAE04EC0-301F-11D3-BF4B-00C04F79EFBC}") = "AnganAttire.DataBase", "AnganAttire.DataBase\AnganAttire.DataBase.csproj", "{C1A66CFB-A801-46FD-9F52-0228FBD4ECAE}"
EndProject
Global
	GlobalSection(SolutionConfigurationPlatforms) = preSolution
		Debug|Any CPU = Debug|Any CPU
		Release|Any CPU = Release|Any CPU
	EndGlobalSection
	GlobalSection(ProjectConfigurationPlatforms) = postSolution
		{650F3A53-4E24-4BAD-99A9-DF043CCE053A}.Debug|Any CPU.ActiveCfg = Debug|Any CPU
		{650F3A53-4E24-4BAD-99A9-DF043CCE053A}.Debug|Any CPU.Build.0 = Debug|Any CPU
		{650F3A53-4E24-4BAD-99A9-DF043CCE053A}.Release|Any CPU.ActiveCfg = Release|Any CPU
		{650F3A53-4E24-4BAD-99A9-DF043CCE053A}.Release|Any CPU.Build.0 = Release|Any CPU
		{DC4E1188-93F6-4204-95DB-E717C0EBDA43}.Debug|Any CPU.ActiveCfg = Debug|Any CPU
		{DC4E1188-93F6-4204-95DB-E717C0EBDA43}.Debug|Any CPU.Build.0 = Debug|Any CPU
		{DC4E1188-93F6-4204-95DB-E717C0EBDA43}.Release|Any CPU.ActiveCfg = Release|Any CPU
		{DC4E1188-93F6-4204-95DB-E717C0EBDA43}.Release|Any CPU.Build.0 = Release|Any CPU
		{C1A66CFB-A801-46FD-9F52-0228FBD4ECAE}.Debug|Any CPU.ActiveCfg = Debug|Any CPU
		{C1A66CFB-A801-46FD-9F52-0228FBD4ECAE}.Debug|Any CPU.Build.0 = Debug|Any CPU
		{C1A66CFB-A801-46FD-9F52-0228FBD4ECAE}.Release|Any CPU.ActiveCfg = Release|Any CPU
		{C1A66CFB-A801-46FD-9F52-0228FBD4ECAE}.Release|Any CPU.Build.0 = Release|Any CPU
	EndGlobalSection
	GlobalSection(SolutionProperties) = preSolution
		HideSolutionNode = FALSE
	EndGlobalSection
	GlobalSection(ExtensibilityGlobals) = postSolution
		SolutionGuid = {8EF79AC5-510F-4040-8C54-38F44A0E620D}
	EndGlobalSection
EndGlobal
